
Microsoft Visual Studio Solution File, Format Version 12.00
# Visual Studio Version 17
VisualStudioVersion = 17.5.33530.505
MinimumVisualStudioVersion = 10.0.40219.1
Project("{FAE04EC0-301F-11D3-BF4B-00C04F79EFBC}") = "RandomKit", "RandomKit.csproj", "{EEDE139A-7853-4785-B0B0-7481B5B54142}"
EndProject
Global
	GlobalSection(SolutionConfigurationPlatforms) = preSolution
		Debug|Any CPU = Debug|Any CPU
		Release|Any CPU = Release|Any CPU
	EndGlobalSection
	GlobalSection(ProjectConfigurationPlatforms) = postSolution
		{EEDE139A-7853-4785-B0B0-7481B5B54142}.Debug|Any CPU.ActiveCfg = Debug|Any CPU
		{EEDE139A-7853-4785-B0B0-7481B5B54142}.Debug|Any CPU.Build.0 = Debug|Any CPU
		{EEDE139A-7853-4785-B0B0-7481B5B54142}.Release|Any CPU.ActiveCfg = Release|Any CPU
		{EEDE139A-7853-4785-B0B0-7481B5B54142}.Release|Any CPU.Build.0 = Release|Any CPU
	EndGlobalSection
	GlobalSection(SolutionProperties) = preSolution
		HideSolutionNode = FALSE
	EndGlobalSection
	GlobalSection(ExtensibilityGlobals) = postSolution
		SolutionGuid = {AF435666-DA76-4CC1-84EC-10160A290920}
	EndGlobalSection
EndGlobal
